
Microsoft Visual Studio Solution File, Format Version 12.00
# Visual Studio Version 17
VisualStudioVersion = 17.6.33717.318
MinimumVisualStudioVersion = 10.0.40219.1
Project("{2150E333-8FDC-42A3-9474-1A3956D46DE8}") = "Api", "Api", "{19FFD608-7E8B-4AF9-9C73-BFB136DE06A6}"
EndProject
Project("{2150E333-8FDC-42A3-9474-1A3956D46DE8}") = "GamePromotion", "GamePromotion", "{CED2CD01-6BB3-4ED9-AE2F-C1434532E106}"
EndProject
Project("{FAE04EC0-301F-11D3-BF4B-00C04F79EFBC}") = "GamePromotion.DAL", "Api\GamePromotion\GamePromotion.DAL\GamePromotion.DAL.csproj", "{97D9A332-397B-4319-A958-EE928CB05BA5}"
EndProject
Project("{FAE04EC0-301F-11D3-BF4B-00C04F79EFBC}") = "GamePromotion.BAL", "Api\GamePromotion\GamePromotion.BAL\GamePromotion.BAL.csproj", "{9C843729-B965-457C-84DD-68539A28E901}"
EndProject
Project("{FAE04EC0-301F-11D3-BF4B-00C04F79EFBC}") = "GamePromotion.API", "Api\GamePromotion\GamePromotion.API\GamePromotion.API.csproj", "{697293EB-8850-4354-ABC8-099C0DD791E2}"
EndProject
Project("{E53339B2-1760-4266-BCC7-CA923CBCF16C}") = "docker-compose", "docker-compose.dcproj", "{D5ADA94B-3F0E-441A-ABA0-BEC4AA297A36}"
EndProject
Global
	GlobalSection(SolutionConfigurationPlatforms) = preSolution
		Debug|Any CPU = Debug|Any CPU
		Release|Any CPU = Release|Any CPU
	EndGlobalSection
	GlobalSection(ProjectConfigurationPlatforms) = postSolution
		{97D9A332-397B-4319-A958-EE928CB05BA5}.Debug|Any CPU.ActiveCfg = Debug|Any CPU
		{97D9A332-397B-4319-A958-EE928CB05BA5}.Debug|Any CPU.Build.0 = Debug|Any CPU
		{97D9A332-397B-4319-A958-EE928CB05BA5}.Release|Any CPU.ActiveCfg = Release|Any CPU
		{97D9A332-397B-4319-A958-EE928CB05BA5}.Release|Any CPU.Build.0 = Release|Any CPU
		{9C843729-B965-457C-84DD-68539A28E901}.Debug|Any CPU.ActiveCfg = Debug|Any CPU
		{9C843729-B965-457C-84DD-68539A28E901}.Debug|Any CPU.Build.0 = Debug|Any CPU
		{9C843729-B965-457C-84DD-68539A28E901}.Release|Any CPU.ActiveCfg = Release|Any CPU
		{9C843729-B965-457C-84DD-68539A28E901}.Release|Any CPU.Build.0 = Release|Any CPU
		{697293EB-8850-4354-ABC8-099C0DD791E2}.Debug|Any CPU.ActiveCfg = Debug|Any CPU
		{697293EB-8850-4354-ABC8-099C0DD791E2}.Debug|Any CPU.Build.0 = Debug|Any CPU
		{697293EB-8850-4354-ABC8-099C0DD791E2}.Release|Any CPU.ActiveCfg = Release|Any CPU
		{697293EB-8850-4354-ABC8-099C0DD791E2}.Release|Any CPU.Build.0 = Release|Any CPU
		{D5ADA94B-3F0E-441A-ABA0-BEC4AA297A36}.Debug|Any CPU.ActiveCfg = Debug|Any CPU
		{D5ADA94B-3F0E-441A-ABA0-BEC4AA297A36}.Debug|Any CPU.Build.0 = Debug|Any CPU
		{D5ADA94B-3F0E-441A-ABA0-BEC4AA297A36}.Release|Any CPU.ActiveCfg = Release|Any CPU
		{D5ADA94B-3F0E-441A-ABA0-BEC4AA297A36}.Release|Any CPU.Build.0 = Release|Any CPU
	EndGlobalSection
	GlobalSection(SolutionProperties) = preSolution
		HideSolutionNode = FALSE
	EndGlobalSection
	GlobalSection(NestedProjects) = preSolution
		{CED2CD01-6BB3-4ED9-AE2F-C1434532E106} = {19FFD608-7E8B-4AF9-9C73-BFB136DE06A6}
		{97D9A332-397B-4319-A958-EE928CB05BA5} = {CED2CD01-6BB3-4ED9-AE2F-C1434532E106}
		{9C843729-B965-457C-84DD-68539A28E901} = {CED2CD01-6BB3-4ED9-AE2F-C1434532E106}
		{697293EB-8850-4354-ABC8-099C0DD791E2} = {CED2CD01-6BB3-4ED9-AE2F-C1434532E106}
	EndGlobalSection
	GlobalSection(ExtensibilityGlobals) = postSolution
		SolutionGuid = {90D9D593-FE37-4CCA-8273-333F6AE30670}
	EndGlobalSection
EndGlobal
